
Microsoft Visual Studio Solution File, Format Version 12.00
# Visual Studio Version 16
VisualStudioVersion = 16.0.28917.181
MinimumVisualStudioVersion = 10.0.40219.1
Project("{FAE04EC0-301F-11D3-BF4B-00C04F79EFBC}") = "CardRegistration.Services", "CardRegistration.Services\CardRegistration.Services.csproj", "{50F6133B-E6C1-4A86-A1DC-2A514123F48A}"
EndProject
Project("{FAE04EC0-301F-11D3-BF4B-00C04F79EFBC}") = "CardRegistration.Services.Tests", "CardRegistration.Services.Tests\CardRegistration.Services.Tests.csproj", "{3FC9F3B4-4AAC-4385-8C31-633A7B0114F2}"
EndProject
Project("{FAE04EC0-301F-11D3-BF4B-00C04F79EFBC}") = "CardRegistration.MVC", "CardRegistration.MVC\CardRegistration.MVC.csproj", "{E6B7AF5E-E420-45FA-8DBC-D00F2D6D9EE4}"
EndProject
Project("{FAE04EC0-301F-11D3-BF4B-00C04F79EFBC}") = "CardRegistration.MVC.Tests", "CardRegistration.MVC.Tests\CardRegistration.MVC.Tests.csproj", "{DDA87711-9B25-41A8-B42E-C285222CD802}"
EndProject
Global
	GlobalSection(SolutionConfigurationPlatforms) = preSolution
		Debug|Any CPU = Debug|Any CPU
		Release|Any CPU = Release|Any CPU
	EndGlobalSection
	GlobalSection(ProjectConfigurationPlatforms) = postSolution
		{50F6133B-E6C1-4A86-A1DC-2A514123F48A}.Debug|Any CPU.ActiveCfg = Debug|Any CPU
		{50F6133B-E6C1-4A86-A1DC-2A514123F48A}.Debug|Any CPU.Build.0 = Debug|Any CPU
		{50F6133B-E6C1-4A86-A1DC-2A514123F48A}.Release|Any CPU.ActiveCfg = Release|Any CPU
		{50F6133B-E6C1-4A86-A1DC-2A514123F48A}.Release|Any CPU.Build.0 = Release|Any CPU
		{3FC9F3B4-4AAC-4385-8C31-633A7B0114F2}.Debug|Any CPU.ActiveCfg = Debug|Any CPU
		{3FC9F3B4-4AAC-4385-8C31-633A7B0114F2}.Debug|Any CPU.Build.0 = Debug|Any CPU
		{3FC9F3B4-4AAC-4385-8C31-633A7B0114F2}.Release|Any CPU.ActiveCfg = Release|Any CPU
		{3FC9F3B4-4AAC-4385-8C31-633A7B0114F2}.Release|Any CPU.Build.0 = Release|Any CPU
		{E6B7AF5E-E420-45FA-8DBC-D00F2D6D9EE4}.Debug|Any CPU.ActiveCfg = Debug|Any CPU
		{E6B7AF5E-E420-45FA-8DBC-D00F2D6D9EE4}.Debug|Any CPU.Build.0 = Debug|Any CPU
		{E6B7AF5E-E420-45FA-8DBC-D00F2D6D9EE4}.Release|Any CPU.ActiveCfg = Release|Any CPU
		{E6B7AF5E-E420-45FA-8DBC-D00F2D6D9EE4}.Release|Any CPU.Build.0 = Release|Any CPU
		{DDA87711-9B25-41A8-B42E-C285222CD802}.Debug|Any CPU.ActiveCfg = Debug|Any CPU
		{DDA87711-9B25-41A8-B42E-C285222CD802}.Debug|Any CPU.Build.0 = Debug|Any CPU
		{DDA87711-9B25-41A8-B42E-C285222CD802}.Release|Any CPU.ActiveCfg = Release|Any CPU
		{DDA87711-9B25-41A8-B42E-C285222CD802}.Release|Any CPU.Build.0 = Release|Any CPU
	EndGlobalSection
	GlobalSection(SolutionProperties) = preSolution
		HideSolutionNode = FALSE
	EndGlobalSection
	GlobalSection(ExtensibilityGlobals) = postSolution
		SolutionGuid = {7DD8D54F-3DA2-4D42-87D8-98D1A089DEB1}
	EndGlobalSection
EndGlobal
